
Microsoft Visual Studio Solution File, Format Version 12.00
# Visual Studio Version 16
VisualStudioVersion = 16.0.30804.86
MinimumVisualStudioVersion = 10.0.40219.1
Project("{FAE04EC0-301F-11D3-BF4B-00C04F79EFBC}") = "RentACarApi", "RentACarApi\RentACarApi.csproj", "{8484C906-7ED0-4CD5-8CD4-0B27C077BDBF}"
EndProject
Global
	GlobalSection(SolutionConfigurationPlatforms) = preSolution
		Debug|Any CPU = Debug|Any CPU
		Release|Any CPU = Release|Any CPU
	EndGlobalSection
	GlobalSection(ProjectConfigurationPlatforms) = postSolution
		{8484C906-7ED0-4CD5-8CD4-0B27C077BDBF}.Debug|Any CPU.ActiveCfg = Debug|Any CPU
		{8484C906-7ED0-4CD5-8CD4-0B27C077BDBF}.Debug|Any CPU.Build.0 = Debug|Any CPU
		{8484C906-7ED0-4CD5-8CD4-0B27C077BDBF}.Release|Any CPU.ActiveCfg = Release|Any CPU
		{8484C906-7ED0-4CD5-8CD4-0B27C077BDBF}.Release|Any CPU.Build.0 = Release|Any CPU
	EndGlobalSection
	GlobalSection(SolutionProperties) = preSolution
		HideSolutionNode = FALSE
	EndGlobalSection
	GlobalSection(ExtensibilityGlobals) = postSolution
		SolutionGuid = {B96E0BBF-E0D4-4ECD-BB40-DDCDC34D4A74}
	EndGlobalSection
EndGlobal
